
Microsoft Visual Studio Solution File, Format Version 12.00
# Visual Studio Version 17
VisualStudioVersion = 17.13.35931.197
MinimumVisualStudioVersion = 10.0.40219.1
Project("{FAE04EC0-301F-11D3-BF4B-00C04F79EFBC}") = "AshenCrown.Domain", "AshenCrown.Domain\AshenCrown.Domain.csproj", "{4B6123A6-EE10-415D-94CC-F074914B5B13}"
EndProject
Project("{FAE04EC0-301F-11D3-BF4B-00C04F79EFBC}") = "AshenCrown.Application", "AshenCrown.Application\AshenCrown.Application.csproj", "{58D1EAE9-902C-457C-BD5E-9E87C96AF2F1}"
EndProject
Project("{FAE04EC0-301F-11D3-BF4B-00C04F79EFBC}") = "AshenCrown.Infrastructure", "AshenCrown.Infrastructure\AshenCrown.Infrastructure.csproj", "{C77DB85D-3170-4D15-9F26-D37B8E03BD6E}"
EndProject
Project("{FAE04EC0-301F-11D3-BF4B-00C04F79EFBC}") = "AshenCrown.Web", "AshenCrown.Web\AshenCrown.Web.csproj", "{FD6B0298-8745-4D43-AF0C-3DBEA6D4AEFB}"
EndProject
Global
	GlobalSection(SolutionConfigurationPlatforms) = preSolution
		Debug|Any CPU = Debug|Any CPU
		Release|Any CPU = Release|Any CPU
	EndGlobalSection
	GlobalSection(ProjectConfigurationPlatforms) = postSolution
		{4B6123A6-EE10-415D-94CC-F074914B5B13}.Debug|Any CPU.ActiveCfg = Debug|Any CPU
		{4B6123A6-EE10-415D-94CC-F074914B5B13}.Debug|Any CPU.Build.0 = Debug|Any CPU
		{4B6123A6-EE10-415D-94CC-F074914B5B13}.Release|Any CPU.ActiveCfg = Release|Any CPU
		{4B6123A6-EE10-415D-94CC-F074914B5B13}.Release|Any CPU.Build.0 = Release|Any CPU
		{58D1EAE9-902C-457C-BD5E-9E87C96AF2F1}.Debug|Any CPU.ActiveCfg = Debug|Any CPU
		{58D1EAE9-902C-457C-BD5E-9E87C96AF2F1}.Debug|Any CPU.Build.0 = Debug|Any CPU
		{58D1EAE9-902C-457C-BD5E-9E87C96AF2F1}.Release|Any CPU.ActiveCfg = Release|Any CPU
		{58D1EAE9-902C-457C-BD5E-9E87C96AF2F1}.Release|Any CPU.Build.0 = Release|Any CPU
		{C77DB85D-3170-4D15-9F26-D37B8E03BD6E}.Debug|Any CPU.ActiveCfg = Debug|Any CPU
		{C77DB85D-3170-4D15-9F26-D37B8E03BD6E}.Debug|Any CPU.Build.0 = Debug|Any CPU
		{C77DB85D-3170-4D15-9F26-D37B8E03BD6E}.Release|Any CPU.ActiveCfg = Release|Any CPU
		{C77DB85D-3170-4D15-9F26-D37B8E03BD6E}.Release|Any CPU.Build.0 = Release|Any CPU
		{FD6B0298-8745-4D43-AF0C-3DBEA6D4AEFB}.Debug|Any CPU.ActiveCfg = Debug|Any CPU
		{FD6B0298-8745-4D43-AF0C-3DBEA6D4AEFB}.Debug|Any CPU.Build.0 = Debug|Any CPU
		{FD6B0298-8745-4D43-AF0C-3DBEA6D4AEFB}.Release|Any CPU.ActiveCfg = Release|Any CPU
		{FD6B0298-8745-4D43-AF0C-3DBEA6D4AEFB}.Release|Any CPU.Build.0 = Release|Any CPU
	EndGlobalSection
	GlobalSection(SolutionProperties) = preSolution
		HideSolutionNode = FALSE
	EndGlobalSection
	GlobalSection(ExtensibilityGlobals) = postSolution
		SolutionGuid = {4363474C-B9CF-44EC-961E-60BE1295B8CA}
	EndGlobalSection
EndGlobal
